
Microsoft Visual Studio Solution File, Format Version 12.00
# Visual Studio Version 17
VisualStudioVersion = 17.14.37111.16
MinimumVisualStudioVersion = 10.0.40219.1
Project("{FAE04EC0-301F-11D3-BF4B-00C04F79EFBC}") = "TensileNeW", "TensileNeW.csproj", "{AF89CEFB-962A-8C61-E92C-C450A040E68C}"
EndProject
Project("{FAE04EC0-301F-11D3-BF4B-00C04F79EFBC}") = "Builder", "builder\Builder\Builder.csproj", "{5C5F31C4-9667-4246-BCC7-9C8448F51189}"
EndProject
Project("{FAE04EC0-301F-11D3-BF4B-00C04F79EFBC}") = "Installer", "installer\Installer\Installer.csproj", "{46E517A7-87C7-4AA4-80A3-3C4D1D04D797}"
EndProject
Project("{FAE04EC0-301F-11D3-BF4B-00C04F79EFBC}") = "InstallerBuilder", "installer\InstallerBuilder\InstallerBuilder.csproj", "{7B7D6E7A-1F6F-4A3E-9ED1-475260EDAB27}"
EndProject
Project("{FAE04EC0-301F-11D3-BF4B-00C04F79EFBC}") = "SamplingCapture", "SamplingCapture\SamplingCapture.csproj", "{A17BD3E2-CF9D-408F-8ED4-A97775D440EA}"
EndProject
Global
	GlobalSection(SolutionConfigurationPlatforms) = preSolution
		Debug|Any CPU = Debug|Any CPU
		Release|Any CPU = Release|Any CPU
	EndGlobalSection
	GlobalSection(ProjectConfigurationPlatforms) = postSolution
		{AF89CEFB-962A-8C61-E92C-C450A040E68C}.Debug|Any CPU.ActiveCfg = Debug|Any CPU
		{AF89CEFB-962A-8C61-E92C-C450A040E68C}.Debug|Any CPU.Build.0 = Debug|Any CPU
		{AF89CEFB-962A-8C61-E92C-C450A040E68C}.Release|Any CPU.ActiveCfg = Release|Any CPU
		{AF89CEFB-962A-8C61-E92C-C450A040E68C}.Release|Any CPU.Build.0 = Release|Any CPU
		{5C5F31C4-9667-4246-BCC7-9C8448F51189}.Debug|Any CPU.ActiveCfg = Debug|Any CPU
		{5C5F31C4-9667-4246-BCC7-9C8448F51189}.Debug|Any CPU.Build.0 = Debug|Any CPU
		{5C5F31C4-9667-4246-BCC7-9C8448F51189}.Release|Any CPU.ActiveCfg = Release|Any CPU
		{5C5F31C4-9667-4246-BCC7-9C8448F51189}.Release|Any CPU.Build.0 = Release|Any CPU
		{46E517A7-87C7-4AA4-80A3-3C4D1D04D797}.Debug|Any CPU.ActiveCfg = Debug|Any CPU
		{46E517A7-87C7-4AA4-80A3-3C4D1D04D797}.Debug|Any CPU.Build.0 = Debug|Any CPU
		{46E517A7-87C7-4AA4-80A3-3C4D1D04D797}.Release|Any CPU.ActiveCfg = Release|Any CPU
		{46E517A7-87C7-4AA4-80A3-3C4D1D04D797}.Release|Any CPU.Build.0 = Release|Any CPU
		{7B7D6E7A-1F6F-4A3E-9ED1-475260EDAB27}.Debug|Any CPU.ActiveCfg = Debug|Any CPU
		{7B7D6E7A-1F6F-4A3E-9ED1-475260EDAB27}.Debug|Any CPU.Build.0 = Debug|Any CPU
		{7B7D6E7A-1F6F-4A3E-9ED1-475260EDAB27}.Release|Any CPU.ActiveCfg = Release|Any CPU
		{7B7D6E7A-1F6F-4A3E-9ED1-475260EDAB27}.Release|Any CPU.Build.0 = Release|Any CPU
		{A17BD3E2-CF9D-408F-8ED4-A97775D440EA}.Debug|Any CPU.ActiveCfg = Debug|Any CPU
		{A17BD3E2-CF9D-408F-8ED4-A97775D440EA}.Debug|Any CPU.Build.0 = Debug|Any CPU
		{A17BD3E2-CF9D-408F-8ED4-A97775D440EA}.Release|Any CPU.ActiveCfg = Release|Any CPU
		{A17BD3E2-CF9D-408F-8ED4-A97775D440EA}.Release|Any CPU.Build.0 = Release|Any CPU
	EndGlobalSection
	GlobalSection(SolutionProperties) = preSolution
		HideSolutionNode = FALSE
	EndGlobalSection
	GlobalSection(ExtensibilityGlobals) = postSolution
		SolutionGuid = {E046F225-8BCC-4603-90A1-9CBF6A1D7B67}
	EndGlobalSection
EndGlobal
